// !$*UTF8*$!
{
	archiveVersion = 1;
	classes = {
	};
	objectVersion = 50;
	objects = {

/* Begin PBXBuildFile section */
		BEBA576E21B49DB800CDB586 /* AppDelegate.swift in Sources */ = {isa = PBXBuildFile; fileRef = BEBA576D21B49DB800CDB586 /* AppDelegate.swift */; };
		BEBA577021B49DB800CDB586 /* ViewController.swift in Sources */ = {isa = PBXBuildFile; fileRef = BEBA576F21B49DB800CDB586 /* ViewController.swift */; };
		BEBA577321B49DB800CDB586 /* Main.storyboard in Resources */ = {isa = PBXBuildFile; fileRef = BEBA577121B49DB800CDB586 /* Main.storyboard */; };
		BEBA577521B49DB900CDB586 /* Assets.xcassets in Resources */ = {isa = PBXBuildFile; fileRef = BEBA577421B49DB900CDB586 /* Assets.xcassets */; };
		BEBA577821B49DB900CDB586 /* LaunchScreen.storyboard in Resources */ = {isa = PBXBuildFile; fileRef = BEBA577621B49DB900CDB586 /* LaunchScreen.storyboard */; };
/* End PBXBuildFile section */

/* Begin PBXFileReference section */
		BEBA576A21B49DB800CDB586 /* Commuter.app */ = {isa = PBXFileReference; explicitFileType = wrapper.application; includeInIndex = 0; path = Commuter.app; sourceTree = BUILT_PRODUCTS_DIR; };
		BEBA576D21B49DB800CDB586 /* AppDelegate.swift */ = {isa = PBXFileReference; lastKnownFileType = sourcecode.swift; path = AppDelegate.swift; sourceTree = "<group>"; };
		BEBA576F21B49DB800CDB586 /* ViewController.swift */ = {isa = PBXFileReference; lastKnownFileType = sourcecode.swift; path = ViewController.swift; sourceTree = "<group>"; };
		BEBA577221B49DB800CDB586 /* Base */ = {isa = PBXFileReference; lastKnownFileType = file.storyboard; name = Base; path = Base.lproj/Main.storyboard; sourceTree = "<group>"; };
		BEBA577421B49DB900CDB586 /* Assets.xcassets */ = {isa = PBXFileReference; lastKnownFileType = folder.assetcatalog; path = Assets.xcassets; sourceTree = "<group>"; };
		BEBA577721B49DB900CDB586 /* Base */ = {isa = PBXFileReference; lastKnownFileType = file.storyboard; name = Base; path = Base.lproj/LaunchScreen.storyboard; sourceTree = "<group>"; };
		BEBA577921B49DB900CDB586 /* Info.plist */ = {isa = PBXFileReference; lastKnownFileType = text.plist.xml; path = Info.plist; sourceTree = "<group>"; };
/* End PBXFileReference section */

/* Begin PBXFrameworksBuildPhase section */
		BEBA576721B49DB800CDB586 /* Frameworks */ = {
			isa = PBXFrameworksBuildPhase;
			buildActionMask = 2147483647;
			files = (
			);
			runOnlyForDeploymentPostprocessing = 0;
		};
/* End PBXFrameworksBuildPhase section */

/* Begin PBXGroup section */
		BEBA576121B49DB800CDB586 = {
			isa = PBXGroup;
			children = (
				BEBA576C21B49DB800CDB586 /* Commuter */,
				BEBA576B21B49DB800CDB586 /* Products */,
			);
			sourceTree = "<group>";
		};
		BEBA576B21B49DB800CDB586 /* Products */ = {
			isa = PBXGroup;
			children = (
				BEBA576A21B49DB800CDB586 /* Commuter.app */,
			);
			name = Products;
			sourceTree = "<group>";
		};
		BEBA576C21B49DB800CDB586 /* Commuter */ = {
			isa = PBXGroup;
			children = (
				BEBA576D21B49DB800CDB586 /* AppDelegate.swift */,
				BEBA576F21B49DB800CDB586 /* ViewController.swift */,
				BEBA577121B49DB800CDB586 /* Main.storyboard */,
				BEBA577421B49DB900CDB586 /* Assets.xcassets */,
				BEBA577621B49DB900CDB586 /* LaunchScreen.storyboard */,
				BEBA577921B49DB900CDB586 /* Info.plist */,
			);
			path = Commuter;
			sourceTree = "<group>";
		};
/* End PBXGroup section */

/* Begin PBXNativeTarget section */
		BEBA576921B49DB800CDB586 /* Commuter */ = {
			isa = PBXNativeTarget;
			buildConfigurationList = BEBA577C21B49DB900CDB586 /* Build configuration list for PBXNativeTarget "Commuter" */;
			buildPhases = (
				BEBA576621B49DB800CDB586 /* Sources */,
				BEBA576721B49DB800CDB586 /* Frameworks */,
				BEBA576821B49DB800CDB586 /* Resources */,
			);
			buildRules = (
			);
			dependencies = (
			);
			name = Commuter;
			productName = Commuter;
			productReference = BEBA576A21B49DB800CDB586 /* Commuter.app */;
			productType = "com.apple.product-type.application";
		};
/* End PBXNativeTarget section */

/* Begin PBXProject section */
		BEBA576221B49DB800CDB586 /* Project object */ = {
			isa = PBXProject;
			attributes = {
				LastSwiftUpdateCheck = 1010;
				LastUpgradeCheck = 1010;
				ORGANIZATIONNAME = BGHFM;
				TargetAttributes = {
					BEBA576921B49DB800CDB586 = {
						CreatedOnToolsVersion = 10.1;
					};
				};
			};
			buildConfigurationList = BEBA576521B49DB800CDB586 /* Build configuration list for PBXProject "Commuter" */;
			compatibilityVersion = "Xcode 9.3";
			developmentRegion = en;
			hasScannedForEncodings = 0;
			knownRegions = (
				en,
				Base,
			);
			mainGroup = BEBA576121B49DB800CDB586;
			productRefGroup = BEBA576B21B49DB800CDB586 /* Products */;
			projectDirPath = "";
			projectRoot = "";
			targets = (
				BEBA576921B49DB800CDB586 /* Commuter */,
			);
		};
/* End PBXProject section */

/* Begin PBXResourcesBuildPhase section */
		BEBA576821B49DB800CDB586 /* Resources */ = {
			isa = PBXResourcesBuildPhase;
			buildActionMask = 2147483647;
			files = (
				BEBA577821B49DB900CDB586 /* LaunchScreen.storyboard in Resources */,
				BEBA577521B49DB900CDB586 /* Assets.xcassets in Resources */,
				BEBA577321B49DB800CDB586 /* Main.storyboard in Resources */,
			);
			runOnlyForDeploymentPostprocessing = 0;
		};
/* End PBXResourcesBuildPhase section */

/* Begin PBXSourcesBuildPhase section */
		BEBA576621B49DB800CDB586 /* Sources */ = {
			isa = PBXSourcesBuildPhase;
			buildActionMask = 2147483647;
			files = (
				BEBA577021B49DB800CDB586 /* ViewController.swift in Sources */,
				BEBA576E21B49DB800CDB586 /* AppDelegate.swift in Sources */,
			);
			runOnlyForDeploymentPostprocessing = 0;
		};
/* End PBXSourcesBuildPhase section */

/* Begin PBXVariantGroup section */
		BEBA577121B49DB800CDB586 /* Main.storyboard */ = {
			isa = PBXVariantGroup;
			children = (
				BEBA577221B49DB800CDB586 /* Base */,
			);
			name = Main.storyboard;
			sourceTree = "<group>";
		};
		BEBA577621B49DB900CDB586 /* LaunchScreen.storyboard */ = {
			isa = PBXVariantGroup;
			children = (
				BEBA577721B49DB900CDB586 /* Base */,
			);
			name = LaunchScreen.storyboard;
			sourceTree = "<group>";
		};
/* End PBXVariantGroup section */

/* Begin XCBuildConfiguration section */
		BEBA577A21B49DB900CDB586 /* Debug */ = {
			isa = XCBuildConfiguration;
			buildSettings = {
				ALWAYS_SEARCH_USER_PATHS = NO;
				CLANG_ANALYZER_NONNULL = YES;
				CLANG_ANALYZER_NUMBER_OBJECT_CONVERSION = YES_AGGRESSIVE;
				CLANG_CXX_LANGUAGE_STANDARD = "gnu++14";
				CLANG_CXX_LIBRARY = "libc++";
				CLANG_ENABLE_MODULES = YES;
				CLANG_ENABLE_OBJC_ARC = YES;
				CLANG_ENABLE_OBJC_WEAK = YES;
				CLANG_WARN_BLOCK_CAPTURE_AUTORELEASING = YES;
				CLANG_WARN_BOOL_CONVERSION = YES;
				CLANG_WARN_COMMA = YES;
				CLANG_WARN_CONSTANT_CONVERSION = YES;
				CLANG_WARN_DEPRECATED_OBJC_IMPLEMENTATIONS = YES;
				CLANG_WARN_DIRECT_OBJC_ISA_USAGE = YES_ERROR;
				CLANG_WARN_DOCUMENTATION_COMMENTS = YES;
				CLANG_WARN_EMPTY_BODY = YES;
				CLANG_WARN_ENUM_CONVERSION = YES;
				CLANG_WARN_INFINITE_RECURSION = YES;
				CLANG_WARN_INT_CONVERSION = YES;
				CLANG_WARN_NON_LITERAL_NULL_CONVERSION = YES;
				CLANG_WARN_OBJC_IMPLICIT_RETAIN_SELF = YES;
				CLANG_WARN_OBJC_LITERAL_CONVERSION = YES;
				CLANG_WARN_OBJC_ROOT_CLASS = YES_ERROR;
				CLANG_WARN_RANGE_LOOP_ANALYSIS = YES;
				CLANG_WARN_STRICT_PROTOTYPES = YES;
				CLANG_WARN_SUSPICIOUS_MOVE = YES;
				CLANG_WARN_UNGUARDED_AVAILABILITY = YES_AGGRESSIVE;
				CLANG_WARN_UNREACHABLE_CODE = YES;
				CLANG_WARN__DUPLICATE_METHOD_MATCH = YES;
				CODE_SIGN_IDENTITY = "iPhone Developer";
				COPY_PHASE_STRIP = NO;
				DEBUG_INFORMATION_FORMAT = dwarf;
				ENABLE_STRICT_OBJC_MSGSEND = YES;
				ENABLE_TESTABILITY = YES;
				GCC_C_LANGUAGE_STANDARD = gnu11;
				GCC_DYNAMIC_NO_PIC = NO;
				GCC_NO_COMMON_BLOCKS = YES;
				GCC_OPTIMIZATION_LEVEL = 0;
				GCC_PREPROCESSOR_DEFINITIONS = (
					"DEBUG=1",
					"$(inherited)",
				);
				GCC_WARN_64_TO_32_BIT_CONVERSION = YES;
				GCC_WARN_ABOUT_RETURN_TYPE = YES_ERROR;
				GCC_WARN_UNDECLARED_SELECTOR = YES;
				GCC_WARN_UNINITIALIZED_AUTOS = YES_AGGRESSIVE;
				GCC_WARN_UNUSED_FUNCTION = YES;
				GCC_WARN_UNUSED_VARIABLE = YES;
				IPHONEOS_DEPLOYMENT_TARGET = 12.1;
				MTL_ENABLE_DEBUG_INFO = INCLUDE_SOURCE;
				MTL_FAST_MATH = YES;
				ONLY_ACTIVE_ARCH = YES;
				SDKROOT = iphoneos;
				SWIFT_ACTIVE_COMPILATION_CONDITIONS = DEBUG;
				SWIFT_OPTIMIZATION_LEVEL = "-Onone";
			};
			name = Debug;
		};
		BEBA577B21B49DB900CDB586 /* Release */ = {
			isa = XCBuildConfiguration;
			buildSettings = {
				ALWAYS_SEARCH_USER_PATHS = NO;
				CLANG_ANALYZER_NONNULL = YES;
				CLANG_ANALYZER_NUMBER_OBJECT_CONVERSION = YES_AGGRESSIVE;
				CLANG_CXX_LANGUAGE_STANDARD = "gnu++14";
				CLANG_CXX_LIBRARY = "libc++";
				CLANG_ENABLE_MODULES = YES;
				CLANG_ENABLE_OBJC_ARC = YES;
				CLANG_ENABLE_OBJC_WEAK = YES;
				CLANG_WARN_BLOCK_CAPTURE_AUTORELEASING = YES;
				CLANG_WARN_BOOL_CONVERSION = YES;
				CLANG_WARN_COMMA = YES;
				CLANG_WARN_CONSTANT_CONVERSION = YES;
				CLANG_WARN_DEPRECATED_OBJC_IMPLEMENTATIONS = YES;
				CLANG_WARN_DIRECT_OBJC_ISA_USAGE = YES_ERROR;
				CLANG_WARN_DOCUMENTATION_COMMENTS = YES;
				CLANG_WARN_EMPTY_BODY = YES;
				CLANG_WARN_ENUM_CONVERSION = YES;
				CLANG_WARN_INFINITE_RECURSION = YES;
				CLANG_WARN_INT_CONVERSION = YES;
				CLANG_WARN_NON_LITERAL_NULL_CONVERSION = YES;
				CLANG_WARN_OBJC_IMPLICIT_RETAIN_SELF = YES;
				CLANG_WARN_OBJC_LITERAL_CONVERSION = YES;
				CLANG_WARN_OBJC_ROOT_CLASS = YES_ERROR;
				CLANG_WARN_RANGE_LOOP_ANALYSIS = YES;
				CLANG_WARN_STRICT_PROTOTYPES = YES;
				CLANG_WARN_SUSPICIOUS_MOVE = YES;
				CLANG_WARN_UNGUARDED_AVAILABILITY = YES_AGGRESSIVE;
				CLANG_WARN_UNREACHABLE_CODE = YES;
				CLANG_WARN__DUPLICATE_METHOD_MATCH = YES;
				CODE_SIGN_IDENTITY = "iPhone Developer";
				COPY_PHASE_STRIP = NO;
				DEBUG_INFORMATION_FORMAT = "dwarf-with-dsym";
				ENABLE_NS_ASSERTIONS = NO;
				ENABLE_STRICT_OBJC_MSGSEND = YES;
				GCC_C_LANGUAGE_STANDARD = gnu11;
				GCC_NO_COMMON_BLOCKS = YES;
				GCC_WARN_64_TO_32_BIT_CONVERSION = YES;
				GCC_WARN_ABOUT_RETURN_TYPE = YES_ERROR;
				GCC_WARN_UNDECLARED_SELECTOR = YES;
				GCC_WARN_UNINITIALIZED_AUTOS = YES_AGGRESSIVE;
				GCC_WARN_UNUSED_FUNCTION = YES;
				GCC_WARN_UNUSED_VARIABLE = YES;
				IPHONEOS_DEPLOYMENT_TARGET = 12.1;
				MTL_ENABLE_DEBUG_INFO = NO;
				MTL_FAST_MATH = YES;
				SDKROOT = iphoneos;
				SWIFT_COMPILATION_MODE = wholemodule;
				SWIFT_OPTIMIZATION_LEVEL = "-O";
				VALIDATE_PRODUCT = YES;
			};
			name = Release;
		};
		BEBA577D21B49DB900CDB586 /* Debug */ = {
			isa = XCBuildConfiguration;
			buildSettings = {
				ASSETCATALOG_COMPILER_APPICON_NAME = AppIcon;
				CODE_SIGN_STYLE = Automatic;
				DEVELOPMENT_TEAM = QQ7F8UFQ5X;
				INFOPLIST_FILE = Commuter/Info.plist;
				LD_RUNPATH_SEARCH_PATHS = (
					"$(inherited)",
					"@executable_path/Frameworks",
				);
				PRODUCT_BUNDLE_IDENTIFIER = BGHFM.Commuter;
				PRODUCT_NAME = "$(TARGET_NAME)";
				SWIFT_VERSION = 4.2;
				TARGETED_DEVICE_FAMILY = "1,2";
			};
			name = Debug;
		};
		BEBA577E21B49DB900CDB586 /* Release */ = {
			isa = XCBuildConfiguration;
			buildSettings = {
				ASSETCATALOG_COMPILER_APPICON_NAME = AppIcon;
				CODE_SIGN_STYLE = Automatic;
				DEVELOPMENT_TEAM = QQ7F8UFQ5X;
				INFOPLIST_FILE = Commuter/Info.plist;
				LD_RUNPATH_SEARCH_PATHS = (
					"$(inherited)",
					"@executable_path/Frameworks",
				);
				PRODUCT_BUNDLE_IDENTIFIER = BGHFM.Commuter;
				PRODUCT_NAME = "$(TARGET_NAME)";
				SWIFT_VERSION = 4.2;
				TARGETED_DEVICE_FAMILY = "1,2";
			};
			name = Release;
		};
/* End XCBuildConfiguration section */

/* Begin XCConfigurationList section */
		BEBA576521B49DB800CDB586 /* Build configuration list for PBXProject "Commuter" */ = {
			isa = XCConfigurationList;
			buildConfigurations = (
				BEBA577A21B49DB900CDB586 /* Debug */,
				BEBA577B21B49DB900CDB586 /* Release */,
			);
			defaultConfigurationIsVisible = 0;
			defaultConfigurationName = Release;
		};
		BEBA577C21B49DB900CDB586 /* Build configuration list for PBXNativeTarget "Commuter" */ = {
			isa = XCConfigurationList;
			buildConfigurations = (
				BEBA577D21B49DB900CDB586 /* Debug */,
				BEBA577E21B49DB900CDB586 /* Release */,
			);
			defaultConfigurationIsVisible = 0;
			defaultConfigurationName = Release;
		};
/* End XCConfigurationList section */
	};
	rootObject = BEBA576221B49DB800CDB586 /* Project object */;
}
