// !$*UTF8*$!
{
	archiveVersion = 1;
	classes = {
	};
	objectVersion = 50;
	objects = {

/* Begin PBXBuildFile section */
		BE05E3F12206A65500A69B75 /* ExpandedTouchAreaButton.swift in Sources */ = {isa = PBXBuildFile; fileRef = BE05E3F02206A65500A69B75 /* ExpandedTouchAreaButton.swift */; };
		BE08ECC321BE05D1000410FB /* UINavigationBar.swift in Sources */ = {isa = PBXBuildFile; fileRef = BE08ECC221BE05D1000410FB /* UINavigationBar.swift */; };
		BE0B48DE22282E74003CC87A /* StationView.xib in Resources */ = {isa = PBXBuildFile; fileRef = BE0B48DD22282E74003CC87A /* StationView.xib */; };
		BE0B48E022282E8C003CC87A /* StationView.swift in Sources */ = {isa = PBXBuildFile; fileRef = BE0B48DF22282E8C003CC87A /* StationView.swift */; };
		BE1B664E21FAA9BA002E2A96 /* ETA.swift in Sources */ = {isa = PBXBuildFile; fileRef = BE1B664D21FAA9BA002E2A96 /* ETA.swift */; };
		BE5D6936223FD7B200B46398 /* StationCell.swift in Sources */ = {isa = PBXBuildFile; fileRef = BE5D6934223FD7B200B46398 /* StationCell.swift */; };
		BE5D6937223FD7B200B46398 /* StationCell.xib in Resources */ = {isa = PBXBuildFile; fileRef = BE5D6935223FD7B200B46398 /* StationCell.xib */; };
		BE5D6939224125E700B46398 /* Heebo-Black.ttf in Resources */ = {isa = PBXBuildFile; fileRef = BE5D6938224125E700B46398 /* Heebo-Black.ttf */; };
		BE5D694822412BBD00B46398 /* Heebo-Regular.ttf in Resources */ = {isa = PBXBuildFile; fileRef = BE5D694722412BBD00B46398 /* Heebo-Regular.ttf */; };
		BEB7207D21CC87EC00112AF0 /* SettingsViewController.swift in Sources */ = {isa = PBXBuildFile; fileRef = BEB7207C21CC87EC00112AF0 /* SettingsViewController.swift */; };
		BEBA576E21B49DB800CDB586 /* AppDelegate.swift in Sources */ = {isa = PBXBuildFile; fileRef = BEBA576D21B49DB800CDB586 /* AppDelegate.swift */; };
		BEBA577321B49DB800CDB586 /* Main.storyboard in Resources */ = {isa = PBXBuildFile; fileRef = BEBA577121B49DB800CDB586 /* Main.storyboard */; };
		BEBA577521B49DB900CDB586 /* Assets.xcassets in Resources */ = {isa = PBXBuildFile; fileRef = BEBA577421B49DB900CDB586 /* Assets.xcassets */; };
		BEBA577821B49DB900CDB586 /* LaunchScreen.storyboard in Resources */ = {isa = PBXBuildFile; fileRef = BEBA577621B49DB900CDB586 /* LaunchScreen.storyboard */; };
		BEBA578121B4A0C400CDB586 /* CommuterAPI.swift in Sources */ = {isa = PBXBuildFile; fileRef = BEBA578021B4A0C400CDB586 /* CommuterAPI.swift */; };
		BEBA578421B4A19700CDB586 /* Station.swift in Sources */ = {isa = PBXBuildFile; fileRef = BEBA578321B4A19700CDB586 /* Station.swift */; };
		BEBA578621B4A21300CDB586 /* Departure.swift in Sources */ = {isa = PBXBuildFile; fileRef = BEBA578521B4A21300CDB586 /* Departure.swift */; };
		BEBA578821B5895F00CDB586 /* Trip.swift in Sources */ = {isa = PBXBuildFile; fileRef = BEBA578721B5895F00CDB586 /* Trip.swift */; };
		BEBA578A21B774E600CDB586 /* SelectOrigViewController.swift in Sources */ = {isa = PBXBuildFile; fileRef = BEBA578921B774E600CDB586 /* SelectOrigViewController.swift */; };
		BEBA578C21B8279400CDB586 /* AppVariable.swift in Sources */ = {isa = PBXBuildFile; fileRef = BEBA578B21B8279400CDB586 /* AppVariable.swift */; };
		BEBA578E21B82D8300CDB586 /* SelectDestViewController.swift in Sources */ = {isa = PBXBuildFile; fileRef = BEBA578D21B82D8300CDB586 /* SelectDestViewController.swift */; };
		BEBA579121B97E6400CDB586 /* Onboard.storyboard in Resources */ = {isa = PBXBuildFile; fileRef = BEBA579021B97E6400CDB586 /* Onboard.storyboard */; };
		BEBA579B21BA1D2800CDB586 /* DepartureViewController.swift in Sources */ = {isa = PBXBuildFile; fileRef = BEBA579A21BA1D2800CDB586 /* DepartureViewController.swift */; };
		BEBA579E21BB570100CDB586 /* DepartureCell.swift in Sources */ = {isa = PBXBuildFile; fileRef = BEBA579C21BB570100CDB586 /* DepartureCell.swift */; };
		BEBA579F21BB570100CDB586 /* DepartureCell.xib in Resources */ = {isa = PBXBuildFile; fileRef = BEBA579D21BB570100CDB586 /* DepartureCell.xib */; };
		BEBA57A121BDB2C600CDB586 /* DepartureView.swift in Sources */ = {isa = PBXBuildFile; fileRef = BEBA57A021BDB2C600CDB586 /* DepartureView.swift */; };
		BEBA57A321BDB2D400CDB586 /* DepartureView.xib in Resources */ = {isa = PBXBuildFile; fileRef = BEBA57A221BDB2D400CDB586 /* DepartureView.xib */; };
		BEBA57A521BDD09800CDB586 /* UIColor.swift in Sources */ = {isa = PBXBuildFile; fileRef = BEBA57A421BDD09800CDB586 /* UIColor.swift */; };
		BEBA57A721BDD0CE00CDB586 /* AppColor.swift in Sources */ = {isa = PBXBuildFile; fileRef = BEBA57A621BDD0CE00CDB586 /* AppColor.swift */; };
		BEBA57CE21BDD5FB00CDB586 /* AppFontName.swift in Sources */ = {isa = PBXBuildFile; fileRef = BEBA57CD21BDD5FB00CDB586 /* AppFontName.swift */; };
		BEBA57D221BDD69A00CDB586 /* UIFont.swift in Sources */ = {isa = PBXBuildFile; fileRef = BEBA57D121BDD69A00CDB586 /* UIFont.swift */; };
		BEE8E02421D2C98600F3AA0F /* CommuteCell.swift in Sources */ = {isa = PBXBuildFile; fileRef = BEE8E02221D2C98600F3AA0F /* CommuteCell.swift */; };
		BEE8E02521D2C98600F3AA0F /* CommuteCell.xib in Resources */ = {isa = PBXBuildFile; fileRef = BEE8E02321D2C98600F3AA0F /* CommuteCell.xib */; };
		BEF7F97321D98226005A44ED /* Notification.swift in Sources */ = {isa = PBXBuildFile; fileRef = BEF7F97221D98226005A44ED /* Notification.swift */; };
		BEF7F97621D986CB005A44ED /* MuteNotificationsCell.swift in Sources */ = {isa = PBXBuildFile; fileRef = BEF7F97421D986CB005A44ED /* MuteNotificationsCell.swift */; };
		BEF7F97721D986CB005A44ED /* MuteNotificationsCell.xib in Resources */ = {isa = PBXBuildFile; fileRef = BEF7F97521D986CB005A44ED /* MuteNotificationsCell.xib */; };
		BEF7F97A21D98A4A005A44ED /* NotificationCell.swift in Sources */ = {isa = PBXBuildFile; fileRef = BEF7F97821D98A4A005A44ED /* NotificationCell.swift */; };
		BEF7F97B21D98A4A005A44ED /* NotificationCell.xib in Resources */ = {isa = PBXBuildFile; fileRef = BEF7F97921D98A4A005A44ED /* NotificationCell.xib */; };
		F48C1A44C99F833D5F90E14A /* Pods_Commuter.framework in Frameworks */ = {isa = PBXBuildFile; fileRef = 6451D2C341554AF11F776027 /* Pods_Commuter.framework */; };
/* End PBXBuildFile section */

/* Begin PBXFileReference section */
		23888710879E019DC0C372F5 /* Pods-Commuter.release.xcconfig */ = {isa = PBXFileReference; includeInIndex = 1; lastKnownFileType = text.xcconfig; name = "Pods-Commuter.release.xcconfig"; path = "Pods/Target Support Files/Pods-Commuter/Pods-Commuter.release.xcconfig"; sourceTree = "<group>"; };
		6451D2C341554AF11F776027 /* Pods_Commuter.framework */ = {isa = PBXFileReference; explicitFileType = wrapper.framework; includeInIndex = 0; path = Pods_Commuter.framework; sourceTree = BUILT_PRODUCTS_DIR; };
		BE05E3F02206A65500A69B75 /* ExpandedTouchAreaButton.swift */ = {isa = PBXFileReference; lastKnownFileType = sourcecode.swift; path = ExpandedTouchAreaButton.swift; sourceTree = "<group>"; };
		BE08ECC221BE05D1000410FB /* UINavigationBar.swift */ = {isa = PBXFileReference; lastKnownFileType = sourcecode.swift; path = UINavigationBar.swift; sourceTree = "<group>"; };
		BE0B48DD22282E74003CC87A /* StationView.xib */ = {isa = PBXFileReference; lastKnownFileType = file.xib; path = StationView.xib; sourceTree = "<group>"; };
		BE0B48DF22282E8C003CC87A /* StationView.swift */ = {isa = PBXFileReference; lastKnownFileType = sourcecode.swift; path = StationView.swift; sourceTree = "<group>"; };
		BE1B664D21FAA9BA002E2A96 /* ETA.swift */ = {isa = PBXFileReference; lastKnownFileType = sourcecode.swift; path = ETA.swift; sourceTree = "<group>"; };
		BE5D6934223FD7B200B46398 /* StationCell.swift */ = {isa = PBXFileReference; lastKnownFileType = sourcecode.swift; path = StationCell.swift; sourceTree = "<group>"; };
		BE5D6935223FD7B200B46398 /* StationCell.xib */ = {isa = PBXFileReference; lastKnownFileType = file.xib; path = StationCell.xib; sourceTree = "<group>"; };
		BE5D6938224125E700B46398 /* Heebo-Black.ttf */ = {isa = PBXFileReference; lastKnownFileType = file; path = "Heebo-Black.ttf"; sourceTree = "<group>"; };
		BE5D694722412BBD00B46398 /* Heebo-Regular.ttf */ = {isa = PBXFileReference; lastKnownFileType = file; name = "Heebo-Regular.ttf"; path = "../../../../../Downloads/Commuter-App/Fonts/Heebo-Regular.ttf"; sourceTree = "<group>"; };
		BEB7207C21CC87EC00112AF0 /* SettingsViewController.swift */ = {isa = PBXFileReference; lastKnownFileType = sourcecode.swift; path = SettingsViewController.swift; sourceTree = "<group>"; };
		BEBA576A21B49DB800CDB586 /* Commuter.app */ = {isa = PBXFileReference; explicitFileType = wrapper.application; includeInIndex = 0; path = Commuter.app; sourceTree = BUILT_PRODUCTS_DIR; };
		BEBA576D21B49DB800CDB586 /* AppDelegate.swift */ = {isa = PBXFileReference; lastKnownFileType = sourcecode.swift; path = AppDelegate.swift; sourceTree = "<group>"; };
		BEBA577221B49DB800CDB586 /* Base */ = {isa = PBXFileReference; lastKnownFileType = file.storyboard; name = Base; path = Base.lproj/Main.storyboard; sourceTree = "<group>"; };
		BEBA577421B49DB900CDB586 /* Assets.xcassets */ = {isa = PBXFileReference; lastKnownFileType = folder.assetcatalog; path = Assets.xcassets; sourceTree = "<group>"; };
		BEBA577721B49DB900CDB586 /* Base */ = {isa = PBXFileReference; lastKnownFileType = file.storyboard; name = Base; path = Base.lproj/LaunchScreen.storyboard; sourceTree = "<group>"; };
		BEBA577921B49DB900CDB586 /* Info.plist */ = {isa = PBXFileReference; lastKnownFileType = text.plist.xml; path = Info.plist; sourceTree = "<group>"; };
		BEBA578021B4A0C400CDB586 /* CommuterAPI.swift */ = {isa = PBXFileReference; lastKnownFileType = sourcecode.swift; path = CommuterAPI.swift; sourceTree = "<group>"; };
		BEBA578321B4A19700CDB586 /* Station.swift */ = {isa = PBXFileReference; lastKnownFileType = sourcecode.swift; path = Station.swift; sourceTree = "<group>"; };
		BEBA578521B4A21300CDB586 /* Departure.swift */ = {isa = PBXFileReference; lastKnownFileType = sourcecode.swift; path = Departure.swift; sourceTree = "<group>"; };
		BEBA578721B5895F00CDB586 /* Trip.swift */ = {isa = PBXFileReference; lastKnownFileType = sourcecode.swift; path = Trip.swift; sourceTree = "<group>"; };
		BEBA578921B774E600CDB586 /* SelectOrigViewController.swift */ = {isa = PBXFileReference; lastKnownFileType = sourcecode.swift; path = SelectOrigViewController.swift; sourceTree = "<group>"; };
		BEBA578B21B8279400CDB586 /* AppVariable.swift */ = {isa = PBXFileReference; lastKnownFileType = sourcecode.swift; path = AppVariable.swift; sourceTree = "<group>"; };
		BEBA578D21B82D8300CDB586 /* SelectDestViewController.swift */ = {isa = PBXFileReference; lastKnownFileType = sourcecode.swift; path = SelectDestViewController.swift; sourceTree = "<group>"; };
		BEBA579021B97E6400CDB586 /* Onboard.storyboard */ = {isa = PBXFileReference; fileEncoding = 4; lastKnownFileType = file.storyboard; path = Onboard.storyboard; sourceTree = "<group>"; };
		BEBA579A21BA1D2800CDB586 /* DepartureViewController.swift */ = {isa = PBXFileReference; lastKnownFileType = sourcecode.swift; path = DepartureViewController.swift; sourceTree = "<group>"; };
		BEBA579C21BB570100CDB586 /* DepartureCell.swift */ = {isa = PBXFileReference; lastKnownFileType = sourcecode.swift; path = DepartureCell.swift; sourceTree = "<group>"; };
		BEBA579D21BB570100CDB586 /* DepartureCell.xib */ = {isa = PBXFileReference; lastKnownFileType = file.xib; path = DepartureCell.xib; sourceTree = "<group>"; };
		BEBA57A021BDB2C600CDB586 /* DepartureView.swift */ = {isa = PBXFileReference; lastKnownFileType = sourcecode.swift; path = DepartureView.swift; sourceTree = "<group>"; };
		BEBA57A221BDB2D400CDB586 /* DepartureView.xib */ = {isa = PBXFileReference; lastKnownFileType = file.xib; path = DepartureView.xib; sourceTree = "<group>"; };
		BEBA57A421BDD09800CDB586 /* UIColor.swift */ = {isa = PBXFileReference; lastKnownFileType = sourcecode.swift; path = UIColor.swift; sourceTree = "<group>"; };
		BEBA57A621BDD0CE00CDB586 /* AppColor.swift */ = {isa = PBXFileReference; lastKnownFileType = sourcecode.swift; path = AppColor.swift; sourceTree = "<group>"; };
		BEBA57CD21BDD5FB00CDB586 /* AppFontName.swift */ = {isa = PBXFileReference; lastKnownFileType = sourcecode.swift; path = AppFontName.swift; sourceTree = "<group>"; };
		BEBA57D121BDD69A00CDB586 /* UIFont.swift */ = {isa = PBXFileReference; lastKnownFileType = sourcecode.swift; path = UIFont.swift; sourceTree = "<group>"; };
		BEE8E02221D2C98600F3AA0F /* CommuteCell.swift */ = {isa = PBXFileReference; lastKnownFileType = sourcecode.swift; path = CommuteCell.swift; sourceTree = "<group>"; };
		BEE8E02321D2C98600F3AA0F /* CommuteCell.xib */ = {isa = PBXFileReference; lastKnownFileType = file.xib; path = CommuteCell.xib; sourceTree = "<group>"; };
		BEF7F97121D7EA02005A44ED /* Commuter.entitlements */ = {isa = PBXFileReference; lastKnownFileType = text.plist.entitlements; path = Commuter.entitlements; sourceTree = "<group>"; };
		BEF7F97221D98226005A44ED /* Notification.swift */ = {isa = PBXFileReference; lastKnownFileType = sourcecode.swift; path = Notification.swift; sourceTree = "<group>"; };
		BEF7F97421D986CB005A44ED /* MuteNotificationsCell.swift */ = {isa = PBXFileReference; lastKnownFileType = sourcecode.swift; path = MuteNotificationsCell.swift; sourceTree = "<group>"; };
		BEF7F97521D986CB005A44ED /* MuteNotificationsCell.xib */ = {isa = PBXFileReference; lastKnownFileType = file.xib; path = MuteNotificationsCell.xib; sourceTree = "<group>"; };
		BEF7F97821D98A4A005A44ED /* NotificationCell.swift */ = {isa = PBXFileReference; lastKnownFileType = sourcecode.swift; path = NotificationCell.swift; sourceTree = "<group>"; };
		BEF7F97921D98A4A005A44ED /* NotificationCell.xib */ = {isa = PBXFileReference; lastKnownFileType = file.xib; path = NotificationCell.xib; sourceTree = "<group>"; };
		FC99AB5721311F6E1F74C1A4 /* Pods-Commuter.debug.xcconfig */ = {isa = PBXFileReference; includeInIndex = 1; lastKnownFileType = text.xcconfig; name = "Pods-Commuter.debug.xcconfig"; path = "Pods/Target Support Files/Pods-Commuter/Pods-Commuter.debug.xcconfig"; sourceTree = "<group>"; };
/* End PBXFileReference section */

/* Begin PBXFrameworksBuildPhase section */
		BEBA576721B49DB800CDB586 /* Frameworks */ = {
			isa = PBXFrameworksBuildPhase;
			buildActionMask = 2147483647;
			files = (
				F48C1A44C99F833D5F90E14A /* Pods_Commuter.framework in Frameworks */,
			);
			runOnlyForDeploymentPostprocessing = 0;
		};
/* End PBXFrameworksBuildPhase section */

/* Begin PBXGroup section */
		344E6721A61FD5EF89EB5689 /* Pods */ = {
			isa = PBXGroup;
			children = (
				FC99AB5721311F6E1F74C1A4 /* Pods-Commuter.debug.xcconfig */,
				23888710879E019DC0C372F5 /* Pods-Commuter.release.xcconfig */,
			);
			name = Pods;
			sourceTree = "<group>";
		};
		731535B44D5EAED8F74B5C65 /* Frameworks */ = {
			isa = PBXGroup;
			children = (
				6451D2C341554AF11F776027 /* Pods_Commuter.framework */,
			);
			name = Frameworks;
			sourceTree = "<group>";
		};
		BE05E3EF2206A62700A69B75 /* SubClasses */ = {
			isa = PBXGroup;
			children = (
				BE05E3F02206A65500A69B75 /* ExpandedTouchAreaButton.swift */,
			);
			path = SubClasses;
			sourceTree = "<group>";
		};
		BEB7207B21CC87CC00112AF0 /* Settings */ = {
			isa = PBXGroup;
			children = (
				BEB7207C21CC87EC00112AF0 /* SettingsViewController.swift */,
				BEE8E02221D2C98600F3AA0F /* CommuteCell.swift */,
				BEE8E02321D2C98600F3AA0F /* CommuteCell.xib */,
				BEF7F97421D986CB005A44ED /* MuteNotificationsCell.swift */,
				BEF7F97521D986CB005A44ED /* MuteNotificationsCell.xib */,
				BEF7F97821D98A4A005A44ED /* NotificationCell.swift */,
				BEF7F97921D98A4A005A44ED /* NotificationCell.xib */,
			);
			path = Settings;
			sourceTree = "<group>";
		};
		BEBA576121B49DB800CDB586 = {
			isa = PBXGroup;
			children = (
				BEBA576C21B49DB800CDB586 /* Commuter */,
				BEBA576B21B49DB800CDB586 /* Products */,
				344E6721A61FD5EF89EB5689 /* Pods */,
				731535B44D5EAED8F74B5C65 /* Frameworks */,
			);
			sourceTree = "<group>";
		};
		BEBA576B21B49DB800CDB586 /* Products */ = {
			isa = PBXGroup;
			children = (
				BEBA576A21B49DB800CDB586 /* Commuter.app */,
			);
			name = Products;
			sourceTree = "<group>";
		};
		BEBA576C21B49DB800CDB586 /* Commuter */ = {
			isa = PBXGroup;
			children = (
				BE05E3EF2206A62700A69B75 /* SubClasses */,
				BEF7F97121D7EA02005A44ED /* Commuter.entitlements */,
				BEBA57D021BDD61100CDB586 /* Extensions */,
				BEBA57CF21BDD60C00CDB586 /* Common */,
				BEBA57A821BDD4C000CDB586 /* Fonts */,
				BEBA578F21B97E1F00CDB586 /* Storyboards */,
				BEBA578221B4A17900CDB586 /* Models */,
				BEBA577F21B4A0A100CDB586 /* API */,
				BEBA576D21B49DB800CDB586 /* AppDelegate.swift */,
				BEBA577121B49DB800CDB586 /* Main.storyboard */,
				BEBA577421B49DB900CDB586 /* Assets.xcassets */,
				BEBA577621B49DB900CDB586 /* LaunchScreen.storyboard */,
				BEBA577921B49DB900CDB586 /* Info.plist */,
			);
			path = Commuter;
			sourceTree = "<group>";
		};
		BEBA577F21B4A0A100CDB586 /* API */ = {
			isa = PBXGroup;
			children = (
				BEBA578021B4A0C400CDB586 /* CommuterAPI.swift */,
			);
			path = API;
			sourceTree = "<group>";
		};
		BEBA578221B4A17900CDB586 /* Models */ = {
			isa = PBXGroup;
			children = (
				BEBA578321B4A19700CDB586 /* Station.swift */,
				BEBA578521B4A21300CDB586 /* Departure.swift */,
				BEBA578721B5895F00CDB586 /* Trip.swift */,
				BEF7F97221D98226005A44ED /* Notification.swift */,
				BE1B664D21FAA9BA002E2A96 /* ETA.swift */,
			);
			path = Models;
			sourceTree = "<group>";
		};
		BEBA578F21B97E1F00CDB586 /* Storyboards */ = {
			isa = PBXGroup;
			children = (
				BEB7207B21CC87CC00112AF0 /* Settings */,
				BEBA579921BA1CFF00CDB586 /* Departure */,
				BEBA579421B980E500CDB586 /* Onboard */,
			);
			path = Storyboards;
			sourceTree = "<group>";
		};
		BEBA579421B980E500CDB586 /* Onboard */ = {
			isa = PBXGroup;
			children = (
				BEBA579021B97E6400CDB586 /* Onboard.storyboard */,
				BEBA578921B774E600CDB586 /* SelectOrigViewController.swift */,
				BEBA578D21B82D8300CDB586 /* SelectDestViewController.swift */,
				BE0B48DD22282E74003CC87A /* StationView.xib */,
				BE0B48DF22282E8C003CC87A /* StationView.swift */,
				BE5D6934223FD7B200B46398 /* StationCell.swift */,
				BE5D6935223FD7B200B46398 /* StationCell.xib */,
			);
			path = Onboard;
			sourceTree = "<group>";
		};
		BEBA579921BA1CFF00CDB586 /* Departure */ = {
			isa = PBXGroup;
			children = (
				BEBA579A21BA1D2800CDB586 /* DepartureViewController.swift */,
				BEBA579C21BB570100CDB586 /* DepartureCell.swift */,
				BEBA579D21BB570100CDB586 /* DepartureCell.xib */,
				BEBA57A021BDB2C600CDB586 /* DepartureView.swift */,
				BEBA57A221BDB2D400CDB586 /* DepartureView.xib */,
			);
			path = Departure;
			sourceTree = "<group>";
		};
		BEBA57A821BDD4C000CDB586 /* Fonts */ = {
			isa = PBXGroup;
			children = (
				BE5D694722412BBD00B46398 /* Heebo-Regular.ttf */,
				BE5D6938224125E700B46398 /* Heebo-Black.ttf */,
			);
			path = Fonts;
			sourceTree = "<group>";
		};
		BEBA57CF21BDD60C00CDB586 /* Common */ = {
			isa = PBXGroup;
			children = (
				BEBA57A621BDD0CE00CDB586 /* AppColor.swift */,
				BEBA578B21B8279400CDB586 /* AppVariable.swift */,
				BEBA57CD21BDD5FB00CDB586 /* AppFontName.swift */,
			);
			path = Common;
			sourceTree = "<group>";
		};
		BEBA57D021BDD61100CDB586 /* Extensions */ = {
			isa = PBXGroup;
			children = (
				BEBA57A421BDD09800CDB586 /* UIColor.swift */,
				BEBA57D121BDD69A00CDB586 /* UIFont.swift */,
				BE08ECC221BE05D1000410FB /* UINavigationBar.swift */,
			);
			path = Extensions;
			sourceTree = "<group>";
		};
/* End PBXGroup section */

/* Begin PBXNativeTarget section */
		BEBA576921B49DB800CDB586 /* Commuter */ = {
			isa = PBXNativeTarget;
			buildConfigurationList = BEBA577C21B49DB900CDB586 /* Build configuration list for PBXNativeTarget "Commuter" */;
			buildPhases = (
				4349EFCFD945154260E46700 /* [CP] Check Pods Manifest.lock */,
				BEBA576621B49DB800CDB586 /* Sources */,
				BEBA576721B49DB800CDB586 /* Frameworks */,
				BEBA576821B49DB800CDB586 /* Resources */,
				CE3BACF4263DB3398C3AB530 /* [CP] Embed Pods Frameworks */,
			);
			buildRules = (
			);
			dependencies = (
			);
			name = Commuter;
			productName = Commuter;
			productReference = BEBA576A21B49DB800CDB586 /* Commuter.app */;
			productType = "com.apple.product-type.application";
		};
/* End PBXNativeTarget section */

/* Begin PBXProject section */
		BEBA576221B49DB800CDB586 /* Project object */ = {
			isa = PBXProject;
			attributes = {
				LastSwiftUpdateCheck = 1010;
				LastUpgradeCheck = 1010;
				ORGANIZATIONNAME = BGHFM;
				TargetAttributes = {
					BEBA576921B49DB800CDB586 = {
						CreatedOnToolsVersion = 10.1;
						SystemCapabilities = {
							com.apple.Push = {
								enabled = 1;
							};
						};
					};
				};
			};
			buildConfigurationList = BEBA576521B49DB800CDB586 /* Build configuration list for PBXProject "Commuter" */;
			compatibilityVersion = "Xcode 9.3";
			developmentRegion = en;
			hasScannedForEncodings = 0;
			knownRegions = (
				en,
				Base,
			);
			mainGroup = BEBA576121B49DB800CDB586;
			productRefGroup = BEBA576B21B49DB800CDB586 /* Products */;
			projectDirPath = "";
			projectRoot = "";
			targets = (
				BEBA576921B49DB800CDB586 /* Commuter */,
			);
		};
/* End PBXProject section */

/* Begin PBXResourcesBuildPhase section */
		BEBA576821B49DB800CDB586 /* Resources */ = {
			isa = PBXResourcesBuildPhase;
			buildActionMask = 2147483647;
			files = (
				BE5D6939224125E700B46398 /* Heebo-Black.ttf in Resources */,
				BE5D6937223FD7B200B46398 /* StationCell.xib in Resources */,
				BEF7F97721D986CB005A44ED /* MuteNotificationsCell.xib in Resources */,
				BE5D694822412BBD00B46398 /* Heebo-Regular.ttf in Resources */,
				BEF7F97B21D98A4A005A44ED /* NotificationCell.xib in Resources */,
				BEBA577821B49DB900CDB586 /* LaunchScreen.storyboard in Resources */,
				BEBA57A321BDB2D400CDB586 /* DepartureView.xib in Resources */,
				BEBA579F21BB570100CDB586 /* DepartureCell.xib in Resources */,
				BE0B48DE22282E74003CC87A /* StationView.xib in Resources */,
				BEBA577521B49DB900CDB586 /* Assets.xcassets in Resources */,
				BEBA579121B97E6400CDB586 /* Onboard.storyboard in Resources */,
				BEBA577321B49DB800CDB586 /* Main.storyboard in Resources */,
				BEE8E02521D2C98600F3AA0F /* CommuteCell.xib in Resources */,
			);
			runOnlyForDeploymentPostprocessing = 0;
		};
/* End PBXResourcesBuildPhase section */

/* Begin PBXShellScriptBuildPhase section */
		4349EFCFD945154260E46700 /* [CP] Check Pods Manifest.lock */ = {
			isa = PBXShellScriptBuildPhase;
			buildActionMask = 2147483647;
			files = (
			);
			inputFileListPaths = (
			);
			inputPaths = (
				"${PODS_PODFILE_DIR_PATH}/Podfile.lock",
				"${PODS_ROOT}/Manifest.lock",
			);
			name = "[CP] Check Pods Manifest.lock";
			outputFileListPaths = (
			);
			outputPaths = (
				"$(DERIVED_FILE_DIR)/Pods-Commuter-checkManifestLockResult.txt",
			);
			runOnlyForDeploymentPostprocessing = 0;
			shellPath = /bin/sh;
			shellScript = "diff \"${PODS_PODFILE_DIR_PATH}/Podfile.lock\" \"${PODS_ROOT}/Manifest.lock\" > /dev/null\nif [ $? != 0 ] ; then\n    # print error to STDERR\n    echo \"error: The sandbox is not in sync with the Podfile.lock. Run 'pod install' or update your CocoaPods installation.\" >&2\n    exit 1\nfi\n# This output is used by Xcode 'outputs' to avoid re-running this script phase.\necho \"SUCCESS\" > \"${SCRIPT_OUTPUT_FILE_0}\"\n";
			showEnvVarsInLog = 0;
		};
		CE3BACF4263DB3398C3AB530 /* [CP] Embed Pods Frameworks */ = {
			isa = PBXShellScriptBuildPhase;
			buildActionMask = 2147483647;
			files = (
			);
			inputFileListPaths = (
			);
			inputPaths = (
				"${SRCROOT}/Pods/Target Support Files/Pods-Commuter/Pods-Commuter-frameworks.sh",
				"${BUILT_PRODUCTS_DIR}/Alamofire/Alamofire.framework",
				"${BUILT_PRODUCTS_DIR}/MarqueeLabel/MarqueeLabel.framework",
				"${BUILT_PRODUCTS_DIR}/NotificationBannerSwift/NotificationBannerSwift.framework",
				"${BUILT_PRODUCTS_DIR}/SnapKit/SnapKit.framework",
				"${BUILT_PRODUCTS_DIR}/Unbox/Unbox.framework",
			);
			name = "[CP] Embed Pods Frameworks";
			outputFileListPaths = (
			);
			outputPaths = (
				"${TARGET_BUILD_DIR}/${FRAMEWORKS_FOLDER_PATH}/Alamofire.framework",
				"${TARGET_BUILD_DIR}/${FRAMEWORKS_FOLDER_PATH}/MarqueeLabel.framework",
				"${TARGET_BUILD_DIR}/${FRAMEWORKS_FOLDER_PATH}/NotificationBannerSwift.framework",
				"${TARGET_BUILD_DIR}/${FRAMEWORKS_FOLDER_PATH}/SnapKit.framework",
				"${TARGET_BUILD_DIR}/${FRAMEWORKS_FOLDER_PATH}/Unbox.framework",
			);
			runOnlyForDeploymentPostprocessing = 0;
			shellPath = /bin/sh;
			shellScript = "\"${SRCROOT}/Pods/Target Support Files/Pods-Commuter/Pods-Commuter-frameworks.sh\"\n";
			showEnvVarsInLog = 0;
		};
/* End PBXShellScriptBuildPhase section */

/* Begin PBXSourcesBuildPhase section */
		BEBA576621B49DB800CDB586 /* Sources */ = {
			isa = PBXSourcesBuildPhase;
			buildActionMask = 2147483647;
			files = (
				BEBA578E21B82D8300CDB586 /* SelectDestViewController.swift in Sources */,
				BE0B48E022282E8C003CC87A /* StationView.swift in Sources */,
				BEBA57A521BDD09800CDB586 /* UIColor.swift in Sources */,
				BEBA57CE21BDD5FB00CDB586 /* AppFontName.swift in Sources */,
				BE08ECC321BE05D1000410FB /* UINavigationBar.swift in Sources */,
				BEBA578821B5895F00CDB586 /* Trip.swift in Sources */,
				BEBA578121B4A0C400CDB586 /* CommuterAPI.swift in Sources */,
				BE05E3F12206A65500A69B75 /* ExpandedTouchAreaButton.swift in Sources */,
				BEBA578421B4A19700CDB586 /* Station.swift in Sources */,
				BEBA57A721BDD0CE00CDB586 /* AppColor.swift in Sources */,
				BEBA576E21B49DB800CDB586 /* AppDelegate.swift in Sources */,
				BEBA57D221BDD69A00CDB586 /* UIFont.swift in Sources */,
				BE1B664E21FAA9BA002E2A96 /* ETA.swift in Sources */,
				BEBA578621B4A21300CDB586 /* Departure.swift in Sources */,
				BEBA579E21BB570100CDB586 /* DepartureCell.swift in Sources */,
				BE5D6936223FD7B200B46398 /* StationCell.swift in Sources */,
				BEF7F97321D98226005A44ED /* Notification.swift in Sources */,
				BEF7F97A21D98A4A005A44ED /* NotificationCell.swift in Sources */,
				BEE8E02421D2C98600F3AA0F /* CommuteCell.swift in Sources */,
				BEB7207D21CC87EC00112AF0 /* SettingsViewController.swift in Sources */,
				BEBA578A21B774E600CDB586 /* SelectOrigViewController.swift in Sources */,
				BEBA57A121BDB2C600CDB586 /* DepartureView.swift in Sources */,
				BEBA578C21B8279400CDB586 /* AppVariable.swift in Sources */,
				BEBA579B21BA1D2800CDB586 /* DepartureViewController.swift in Sources */,
				BEF7F97621D986CB005A44ED /* MuteNotificationsCell.swift in Sources */,
			);
			runOnlyForDeploymentPostprocessing = 0;
		};
/* End PBXSourcesBuildPhase section */

/* Begin PBXVariantGroup section */
		BEBA577121B49DB800CDB586 /* Main.storyboard */ = {
			isa = PBXVariantGroup;
			children = (
				BEBA577221B49DB800CDB586 /* Base */,
			);
			name = Main.storyboard;
			sourceTree = "<group>";
		};
		BEBA577621B49DB900CDB586 /* LaunchScreen.storyboard */ = {
			isa = PBXVariantGroup;
			children = (
				BEBA577721B49DB900CDB586 /* Base */,
			);
			name = LaunchScreen.storyboard;
			sourceTree = "<group>";
		};
/* End PBXVariantGroup section */

/* Begin XCBuildConfiguration section */
		BEBA577A21B49DB900CDB586 /* Debug */ = {
			isa = XCBuildConfiguration;
			buildSettings = {
				ALWAYS_SEARCH_USER_PATHS = NO;
				CLANG_ANALYZER_NONNULL = YES;
				CLANG_ANALYZER_NUMBER_OBJECT_CONVERSION = YES_AGGRESSIVE;
				CLANG_CXX_LANGUAGE_STANDARD = "gnu++14";
				CLANG_CXX_LIBRARY = "libc++";
				CLANG_ENABLE_MODULES = YES;
				CLANG_ENABLE_OBJC_ARC = YES;
				CLANG_ENABLE_OBJC_WEAK = YES;
				CLANG_WARN_BLOCK_CAPTURE_AUTORELEASING = YES;
				CLANG_WARN_BOOL_CONVERSION = YES;
				CLANG_WARN_COMMA = YES;
				CLANG_WARN_CONSTANT_CONVERSION = YES;
				CLANG_WARN_DEPRECATED_OBJC_IMPLEMENTATIONS = YES;
				CLANG_WARN_DIRECT_OBJC_ISA_USAGE = YES_ERROR;
				CLANG_WARN_DOCUMENTATION_COMMENTS = YES;
				CLANG_WARN_EMPTY_BODY = YES;
				CLANG_WARN_ENUM_CONVERSION = YES;
				CLANG_WARN_INFINITE_RECURSION = YES;
				CLANG_WARN_INT_CONVERSION = YES;
				CLANG_WARN_NON_LITERAL_NULL_CONVERSION = YES;
				CLANG_WARN_OBJC_IMPLICIT_RETAIN_SELF = YES;
				CLANG_WARN_OBJC_LITERAL_CONVERSION = YES;
				CLANG_WARN_OBJC_ROOT_CLASS = YES_ERROR;
				CLANG_WARN_RANGE_LOOP_ANALYSIS = YES;
				CLANG_WARN_STRICT_PROTOTYPES = YES;
				CLANG_WARN_SUSPICIOUS_MOVE = YES;
				CLANG_WARN_UNGUARDED_AVAILABILITY = YES_AGGRESSIVE;
				CLANG_WARN_UNREACHABLE_CODE = YES;
				CLANG_WARN__DUPLICATE_METHOD_MATCH = YES;
				CODE_SIGN_IDENTITY = "iPhone Developer";
				COPY_PHASE_STRIP = NO;
				DEBUG_INFORMATION_FORMAT = dwarf;
				ENABLE_STRICT_OBJC_MSGSEND = YES;
				ENABLE_TESTABILITY = YES;
				GCC_C_LANGUAGE_STANDARD = gnu11;
				GCC_DYNAMIC_NO_PIC = NO;
				GCC_NO_COMMON_BLOCKS = YES;
				GCC_OPTIMIZATION_LEVEL = 0;
				GCC_PREPROCESSOR_DEFINITIONS = (
					"DEBUG=1",
					"$(inherited)",
				);
				GCC_WARN_64_TO_32_BIT_CONVERSION = YES;
				GCC_WARN_ABOUT_RETURN_TYPE = YES_ERROR;
				GCC_WARN_UNDECLARED_SELECTOR = YES;
				GCC_WARN_UNINITIALIZED_AUTOS = YES_AGGRESSIVE;
				GCC_WARN_UNUSED_FUNCTION = YES;
				GCC_WARN_UNUSED_VARIABLE = YES;
				IPHONEOS_DEPLOYMENT_TARGET = 12.1;
				MTL_ENABLE_DEBUG_INFO = INCLUDE_SOURCE;
				MTL_FAST_MATH = YES;
				ONLY_ACTIVE_ARCH = YES;
				SDKROOT = iphoneos;
				SWIFT_ACTIVE_COMPILATION_CONDITIONS = DEBUG;
				SWIFT_OPTIMIZATION_LEVEL = "-Onone";
			};
			name = Debug;
		};
		BEBA577B21B49DB900CDB586 /* Release */ = {
			isa = XCBuildConfiguration;
			buildSettings = {
				ALWAYS_SEARCH_USER_PATHS = NO;
				CLANG_ANALYZER_NONNULL = YES;
				CLANG_ANALYZER_NUMBER_OBJECT_CONVERSION = YES_AGGRESSIVE;
				CLANG_CXX_LANGUAGE_STANDARD = "gnu++14";
				CLANG_CXX_LIBRARY = "libc++";
				CLANG_ENABLE_MODULES = YES;
				CLANG_ENABLE_OBJC_ARC = YES;
				CLANG_ENABLE_OBJC_WEAK = YES;
				CLANG_WARN_BLOCK_CAPTURE_AUTORELEASING = YES;
				CLANG_WARN_BOOL_CONVERSION = YES;
				CLANG_WARN_COMMA = YES;
				CLANG_WARN_CONSTANT_CONVERSION = YES;
				CLANG_WARN_DEPRECATED_OBJC_IMPLEMENTATIONS = YES;
				CLANG_WARN_DIRECT_OBJC_ISA_USAGE = YES_ERROR;
				CLANG_WARN_DOCUMENTATION_COMMENTS = YES;
				CLANG_WARN_EMPTY_BODY = YES;
				CLANG_WARN_ENUM_CONVERSION = YES;
				CLANG_WARN_INFINITE_RECURSION = YES;
				CLANG_WARN_INT_CONVERSION = YES;
				CLANG_WARN_NON_LITERAL_NULL_CONVERSION = YES;
				CLANG_WARN_OBJC_IMPLICIT_RETAIN_SELF = YES;
				CLANG_WARN_OBJC_LITERAL_CONVERSION = YES;
				CLANG_WARN_OBJC_ROOT_CLASS = YES_ERROR;
				CLANG_WARN_RANGE_LOOP_ANALYSIS = YES;
				CLANG_WARN_STRICT_PROTOTYPES = YES;
				CLANG_WARN_SUSPICIOUS_MOVE = YES;
				CLANG_WARN_UNGUARDED_AVAILABILITY = YES_AGGRESSIVE;
				CLANG_WARN_UNREACHABLE_CODE = YES;
				CLANG_WARN__DUPLICATE_METHOD_MATCH = YES;
				CODE_SIGN_IDENTITY = "iPhone Developer";
				COPY_PHASE_STRIP = NO;
				DEBUG_INFORMATION_FORMAT = "dwarf-with-dsym";
				ENABLE_NS_ASSERTIONS = NO;
				ENABLE_STRICT_OBJC_MSGSEND = YES;
				GCC_C_LANGUAGE_STANDARD = gnu11;
				GCC_NO_COMMON_BLOCKS = YES;
				GCC_WARN_64_TO_32_BIT_CONVERSION = YES;
				GCC_WARN_ABOUT_RETURN_TYPE = YES_ERROR;
				GCC_WARN_UNDECLARED_SELECTOR = YES;
				GCC_WARN_UNINITIALIZED_AUTOS = YES_AGGRESSIVE;
				GCC_WARN_UNUSED_FUNCTION = YES;
				GCC_WARN_UNUSED_VARIABLE = YES;
				IPHONEOS_DEPLOYMENT_TARGET = 12.1;
				MTL_ENABLE_DEBUG_INFO = NO;
				MTL_FAST_MATH = YES;
				SDKROOT = iphoneos;
				SWIFT_COMPILATION_MODE = wholemodule;
				SWIFT_OPTIMIZATION_LEVEL = "-O";
				VALIDATE_PRODUCT = YES;
			};
			name = Release;
		};
		BEBA577D21B49DB900CDB586 /* Debug */ = {
			isa = XCBuildConfiguration;
			baseConfigurationReference = FC99AB5721311F6E1F74C1A4 /* Pods-Commuter.debug.xcconfig */;
			buildSettings = {
				ASSETCATALOG_COMPILER_APPICON_NAME = AppIcon;
				CODE_SIGN_ENTITLEMENTS = Commuter/Commuter.entitlements;
				CODE_SIGN_STYLE = Automatic;
				DEVELOPMENT_TEAM = QQ7F8UFQ5X;
				INFOPLIST_FILE = Commuter/Info.plist;
				LD_RUNPATH_SEARCH_PATHS = (
					"$(inherited)",
					"@executable_path/Frameworks",
				);
				PRODUCT_BUNDLE_IDENTIFIER = BGHFM.Commuter;
				PRODUCT_NAME = "$(TARGET_NAME)";
				SWIFT_VERSION = 4.2;
				TARGETED_DEVICE_FAMILY = "1,2";
			};
			name = Debug;
		};
		BEBA577E21B49DB900CDB586 /* Release */ = {
			isa = XCBuildConfiguration;
			baseConfigurationReference = 23888710879E019DC0C372F5 /* Pods-Commuter.release.xcconfig */;
			buildSettings = {
				ASSETCATALOG_COMPILER_APPICON_NAME = AppIcon;
				CODE_SIGN_ENTITLEMENTS = Commuter/Commuter.entitlements;
				CODE_SIGN_STYLE = Automatic;
				DEVELOPMENT_TEAM = QQ7F8UFQ5X;
				INFOPLIST_FILE = Commuter/Info.plist;
				LD_RUNPATH_SEARCH_PATHS = (
					"$(inherited)",
					"@executable_path/Frameworks",
				);
				PRODUCT_BUNDLE_IDENTIFIER = BGHFM.Commuter;
				PRODUCT_NAME = "$(TARGET_NAME)";
				SWIFT_VERSION = 4.2;
				TARGETED_DEVICE_FAMILY = "1,2";
			};
			name = Release;
		};
/* End XCBuildConfiguration section */

/* Begin XCConfigurationList section */
		BEBA576521B49DB800CDB586 /* Build configuration list for PBXProject "Commuter" */ = {
			isa = XCConfigurationList;
			buildConfigurations = (
				BEBA577A21B49DB900CDB586 /* Debug */,
				BEBA577B21B49DB900CDB586 /* Release */,
			);
			defaultConfigurationIsVisible = 0;
			defaultConfigurationName = Release;
		};
		BEBA577C21B49DB900CDB586 /* Build configuration list for PBXNativeTarget "Commuter" */ = {
			isa = XCConfigurationList;
			buildConfigurations = (
				BEBA577D21B49DB900CDB586 /* Debug */,
				BEBA577E21B49DB900CDB586 /* Release */,
			);
			defaultConfigurationIsVisible = 0;
			defaultConfigurationName = Release;
		};
/* End XCConfigurationList section */
	};
	rootObject = BEBA576221B49DB800CDB586 /* Project object */;
}
